# @generated - this file is auto-generated by `mise lock` https://mise.jdx.dev/dev-tools/mise-lock.html

[[tools.actionlint]]
version = "1.7.12"
backend = "aqua:rhysd/actionlint"

[tools.actionlint."platforms.linux-arm64"]
checksum = "sha256:325e971b6ba9bfa504672e29be93c24981eeb1c07576d730e9f7c8805afff0c6"
url = "https://github.com/rhysd/actionlint/releases/download/v1.7.12/actionlint_1.7.12_linux_arm64.tar.gz"
url_api = "https://api.github.com/repos/rhysd/actionlint/releases/assets/384924897"
provenance = "github-attestations"

[tools.actionlint."platforms.linux-arm64-musl"]
checksum = "sha256:325e971b6ba9bfa504672e29be93c24981eeb1c07576d730e9f7c8805afff0c6"
url = "https://github.com/rhysd/actionlint/releases/download/v1.7.12/actionlint_1.7.12_linux_arm64.tar.gz"
url_api = "https://api.github.com/repos/rhysd/actionlint/releases/assets/384924897"
provenance = "github-attestations"

[tools.actionlint."platforms.linux-x64"]
checksum = "sha256:8aca8db96f1b94770f1b0d72b6dddcb1ebb8123cb3712530b08cc387b349a3d8"
url = "https://github.com/rhysd/actionlint/releases/download/v1.7.12/actionlint_1.7.12_linux_amd64.tar.gz"
url_api = "https://api.github.com/repos/rhysd/actionlint/releases/assets/384924896"
provenance = "github-attestations"

[tools.actionlint."platforms.linux-x64-musl"]
checksum = "sha256:8aca8db96f1b94770f1b0d72b6dddcb1ebb8123cb3712530b08cc387b349a3d8"
url = "https://github.com/rhysd/actionlint/releases/download/v1.7.12/actionlint_1.7.12_linux_amd64.tar.gz"
url_api = "https://api.github.com/repos/rhysd/actionlint/releases/assets/384924896"
provenance = "github-attestations"

[tools.actionlint."platforms.macos-arm64"]
checksum = "sha256:aba9ced2dee8d27fecca3dc7feb1a7f9a52caefa1eb46f3271ea66b6e0e6953f"
url = "https://github.com/rhysd/actionlint/releases/download/v1.7.12/actionlint_1.7.12_darwin_arm64.tar.gz"
url_api = "https://api.github.com/repos/rhysd/actionlint/releases/assets/384924893"
provenance = "github-attestations"

[tools.actionlint."platforms.macos-x64"]
checksum = "sha256:5b44c3bc2255115c9b69e30efc0fecdf498fdb63c5d58e17084fd5f16324c644"
url = "https://github.com/rhysd/actionlint/releases/download/v1.7.12/actionlint_1.7.12_darwin_amd64.tar.gz"
url_api = "https://api.github.com/repos/rhysd/actionlint/releases/assets/384924880"
provenance = "github-attestations"

[tools.actionlint."platforms.windows-x64"]
checksum = "sha256:6e7241b51e6817ea6a047693d8e6fed13b31819c9a0dd6c5a726e1592d22f6e9"
url = "https://github.com/rhysd/actionlint/releases/download/v1.7.12/actionlint_1.7.12_windows_amd64.zip"
url_api = "https://api.github.com/repos/rhysd/actionlint/releases/assets/384924919"
provenance = "github-attestations"

[[tools.buildifier]]
version = "8.5.1"
backend = "aqua:bazelbuild/buildtools/buildifier"

[tools.buildifier."platforms.linux-arm64"]
checksum = "sha256:947bf6700d708026b2057b09bea09abbc3cafc15d9ecea35bb3885c4b09ccd04"
url = "https://github.com/bazelbuild/buildtools/releases/download/v8.5.1/buildifier-linux-arm64"
url_api = "https://api.github.com/repos/bazelbuild/buildtools/releases/assets/348132205"

[tools.buildifier."platforms.linux-arm64-musl"]
checksum = "sha256:947bf6700d708026b2057b09bea09abbc3cafc15d9ecea35bb3885c4b09ccd04"
url = "https://github.com/bazelbuild/buildtools/releases/download/v8.5.1/buildifier-linux-arm64"
url_api = "https://api.github.com/repos/bazelbuild/buildtools/releases/assets/348132205"

[tools.buildifier."platforms.linux-x64"]
checksum = "sha256:887377fc64d23a850f4d18a077b5db05b19913f4b99b270d193f3c7334b5a9a7"
url = "https://github.com/bazelbuild/buildtools/releases/download/v8.5.1/buildifier-linux-amd64"
url_api = "https://api.github.com/repos/bazelbuild/buildtools/releases/assets/348132197"

[tools.buildifier."platforms.linux-x64-musl"]
checksum = "sha256:887377fc64d23a850f4d18a077b5db05b19913f4b99b270d193f3c7334b5a9a7"
url = "https://github.com/bazelbuild/buildtools/releases/download/v8.5.1/buildifier-linux-amd64"
url_api = "https://api.github.com/repos/bazelbuild/buildtools/releases/assets/348132197"

[tools.buildifier."platforms.macos-arm64"]
checksum = "sha256:62836a9667fa0db309b0d91e840f0a3f2813a9c8ea3e44b9cd58187c90bc88ba"
url = "https://github.com/bazelbuild/buildtools/releases/download/v8.5.1/buildifier-darwin-arm64"
url_api = "https://api.github.com/repos/bazelbuild/buildtools/releases/assets/348132225"

[tools.buildifier."platforms.macos-x64"]
checksum = "sha256:31de189e1a3fe53aa9e8c8f74a0309c325274ad19793393919e1ca65163ca1a4"
url = "https://github.com/bazelbuild/buildtools/releases/download/v8.5.1/buildifier-darwin-amd64"
url_api = "https://api.github.com/repos/bazelbuild/buildtools/releases/assets/348132219"

[tools.buildifier."platforms.windows-x64"]
checksum = "sha256:f4ecb9c73de2bc38b845d4ee27668f6248c4813a6647db4b4931a7556052e4e1"
url = "https://github.com/bazelbuild/buildtools/releases/download/v8.5.1/buildifier-windows-amd64.exe"
url_api = "https://api.github.com/repos/bazelbuild/buildtools/releases/assets/348132233"

[[tools.dprint]]
version = "0.60.1"
backend = "aqua:dprint/dprint"

[tools.dprint."platforms.linux-arm64"]
checksum = "sha256:03fd8908f9b418bdc4701347ff0527a59d1c08db2bc09a9f5d8101eb711e7fe2"
url = "https://github.com/dprint/dprint/releases/download/0.60.1/dprint-aarch64-unknown-linux-gnu.zip"
url_api = "https://api.github.com/repos/dprint/dprint/releases/assets/608721662"
provenance = "github-attestations"

[tools.dprint."platforms.linux-arm64-musl"]
checksum = "sha256:9b537fdfb75b2402f47d15cc615f1ba31736a37e2aed65662e8d9d4b647c70f1"
url = "https://github.com/dprint/dprint/releases/download/0.60.1/dprint-aarch64-unknown-linux-musl.zip"
url_api = "https://api.github.com/repos/dprint/dprint/releases/assets/608721670"
provenance = "github-attestations"

[tools.dprint."platforms.linux-x64"]
checksum = "sha256:5612c587a34dfbbda37162d46755f9e8c6a4efba7950920b2a308ea84ce0886a"
url = "https://github.com/dprint/dprint/releases/download/0.60.1/dprint-x86_64-unknown-linux-gnu.zip"
url_api = "https://api.github.com/repos/dprint/dprint/releases/assets/608721664"
provenance = "github-attestations"

[tools.dprint."platforms.linux-x64-musl"]
checksum = "sha256:c4e5e8491f52971f8e3bd0ed80995eafd9119fbe603ba626694a20d56c14a730"
url = "https://github.com/dprint/dprint/releases/download/0.60.1/dprint-x86_64-unknown-linux-musl.zip"
url_api = "https://api.github.com/repos/dprint/dprint/releases/assets/608721671"
provenance = "github-attestations"

[tools.dprint."platforms.macos-arm64"]
checksum = "sha256:b495103be1c01ba097449d73af3d76bbcef3deb291b87e9b7db6e8d12d497ef6"
url = "https://github.com/dprint/dprint/releases/download/0.60.1/dprint-aarch64-apple-darwin.zip"
url_api = "https://api.github.com/repos/dprint/dprint/releases/assets/608721659"
provenance = "github-attestations"

[tools.dprint."platforms.macos-x64"]
checksum = "sha256:551fd5b0ce32a83682f6aaa425317db54402451a0ab66b46c0e11e17900f7db8"
url = "https://github.com/dprint/dprint/releases/download/0.60.1/dprint-x86_64-apple-darwin.zip"
url_api = "https://api.github.com/repos/dprint/dprint/releases/assets/608721669"
provenance = "github-attestations"

[tools.dprint."platforms.windows-x64"]
checksum = "sha256:52f0ee9742df4b56ddffdd058a066153f3a8fea5456be5a9e19f2da10bd80b8b"
url = "https://github.com/dprint/dprint/releases/download/0.60.1/dprint-x86_64-pc-windows-msvc.zip"
url_api = "https://api.github.com/repos/dprint/dprint/releases/assets/608721674"
provenance = "github-attestations"

[[tools.git-cliff]]
version = "2.14.2"
backend = "aqua:orhun/git-cliff"

[tools.git-cliff."platforms.linux-arm64"]
checksum = "sha256:69e208f6e4baef3a0f9b759d5f44223aa9336b86c691072a3d0c98d35a816e69"
url = "https://github.com/orhun/git-cliff/releases/download/v2.14.2/git-cliff-2.14.2-aarch64-unknown-linux-gnu.tar.gz"
url_api = "https://api.github.com/repos/orhun/git-cliff/releases/assets/573483780"

[tools.git-cliff."platforms.linux-arm64-musl"]
checksum = "sha256:4be21b21ec9699af4d330b224aeba8a41d41d8f5b351ca2da8a9ea2bdc36380f"
url = "https://github.com/orhun/git-cliff/releases/download/v2.14.2/git-cliff-2.14.2-aarch64-unknown-linux-musl.tar.gz"
url_api = "https://api.github.com/repos/orhun/git-cliff/releases/assets/573485334"

[tools.git-cliff."platforms.linux-x64"]
checksum = "sha256:24f397c733add5390fdceee3a2088588ab0d5f944ce00d34cb7029b888cf2db4"
url = "https://github.com/orhun/git-cliff/releases/download/v2.14.2/git-cliff-2.14.2-x86_64-unknown-linux-gnu.tar.gz"
url_api = "https://api.github.com/repos/orhun/git-cliff/releases/assets/573483509"

[tools.git-cliff."platforms.linux-x64-musl"]
checksum = "sha256:fa21e2fc70046fcfd0e43e5e4613873ab799aff3d9dc8559c00d31b270e417d0"
url = "https://github.com/orhun/git-cliff/releases/download/v2.14.2/git-cliff-2.14.2-x86_64-unknown-linux-musl.tar.gz"
url_api = "https://api.github.com/repos/orhun/git-cliff/releases/assets/573485273"

[tools.git-cliff."platforms.macos-arm64"]
checksum = "sha256:a0be97e237d440d34c5e508ec21d070b2c85cbb8be48a46a56f9a4e8bd247f05"
url = "https://github.com/orhun/git-cliff/releases/download/v2.14.2/git-cliff-2.14.2-aarch64-apple-darwin.tar.gz"
url_api = "https://api.github.com/repos/orhun/git-cliff/releases/assets/573487203"

[tools.git-cliff."platforms.macos-x64"]
checksum = "sha256:4e647d2deb152aca1e987f225cf42b080b991dd98f3bce4027ef95446d982ac3"
url = "https://github.com/orhun/git-cliff/releases/download/v2.14.2/git-cliff-2.14.2-x86_64-apple-darwin.tar.gz"
url_api = "https://api.github.com/repos/orhun/git-cliff/releases/assets/573484837"

[tools.git-cliff."platforms.windows-x64"]
checksum = "sha256:6ece2112b3f4af462190ecbea4aeb1315fff6af415629b597f84319073c31131"
url = "https://github.com/orhun/git-cliff/releases/download/v2.14.2/git-cliff-2.14.2-x86_64-pc-windows-msvc.zip"
url_api = "https://api.github.com/repos/orhun/git-cliff/releases/assets/573487227"

[[tools.hadolint]]
version = "2.15.1"
backend = "aqua:hadolint/hadolint"

[tools.hadolint."platforms.linux-arm64"]
checksum = "sha256:f6198ef8090f404dbb771abfee086eb8c48ac177f30da7fd3510aca35b344b5d"
url = "https://github.com/hadolint/hadolint/releases/download/v2.15.1/hadolint-linux-arm64"
url_api = "https://api.github.com/repos/hadolint/hadolint/releases/assets/496546507"

[tools.hadolint."platforms.linux-arm64-musl"]
checksum = "sha256:f6198ef8090f404dbb771abfee086eb8c48ac177f30da7fd3510aca35b344b5d"
url = "https://github.com/hadolint/hadolint/releases/download/v2.15.1/hadolint-linux-arm64"
url_api = "https://api.github.com/repos/hadolint/hadolint/releases/assets/496546507"

[tools.hadolint."platforms.linux-x64"]
checksum = "sha256:c7187db94eeeeca956519a6af171adc31453941a1e777961f6e680f697c8c507"
url = "https://github.com/hadolint/hadolint/releases/download/v2.15.1/hadolint-linux-x86_64"
url_api = "https://api.github.com/repos/hadolint/hadolint/releases/assets/496546506"

[tools.hadolint."platforms.linux-x64-musl"]
checksum = "sha256:c7187db94eeeeca956519a6af171adc31453941a1e777961f6e680f697c8c507"
url = "https://github.com/hadolint/hadolint/releases/download/v2.15.1/hadolint-linux-x86_64"
url_api = "https://api.github.com/repos/hadolint/hadolint/releases/assets/496546506"

[tools.hadolint."platforms.macos-arm64"]
checksum = "sha256:5c09f3213f8e40406abe048233d985eebef336d4a6a20021be47fadb6cf480a2"
url = "https://github.com/hadolint/hadolint/releases/download/v2.15.1/hadolint-macos-arm64"
url_api = "https://api.github.com/repos/hadolint/hadolint/releases/assets/496546505"

[tools.hadolint."platforms.macos-x64"]
checksum = "sha256:ffe9bb18b23d5ed1eae50237aecdbb523d016e96da0bd4e7aa432040acfc3fde"
url = "https://github.com/hadolint/hadolint/releases/download/v2.15.1/hadolint-macos-x86_64"
url_api = "https://api.github.com/repos/hadolint/hadolint/releases/assets/496546509"

[tools.hadolint."platforms.windows-x64"]
checksum = "sha256:01d927294962b5387f9ead4f18679158452be4f17c765ad0bdffe5264b9c7b0a"
url = "https://github.com/hadolint/hadolint/releases/download/v2.15.1/hadolint-windows-x86_64.exe"
url_api = "https://api.github.com/repos/hadolint/hadolint/releases/assets/496546508"

[[tools.k3d]]
version = "5.9.0"
backend = "aqua:k3d-io/k3d"

[tools.k3d."platforms.linux-arm64"]
checksum = "sha256:03cde5cf23e6e8e67de5a039ecf26e5b85aca82fba3e5d13dadf904cd218a250"
url = "https://github.com/k3d-io/k3d/releases/download/v5.9.0/k3d-linux-arm64"
url_api = "https://api.github.com/repos/k3d-io/k3d/releases/assets/436305757"

[tools.k3d."platforms.linux-arm64-musl"]
checksum = "sha256:03cde5cf23e6e8e67de5a039ecf26e5b85aca82fba3e5d13dadf904cd218a250"
url = "https://github.com/k3d-io/k3d/releases/download/v5.9.0/k3d-linux-arm64"
url_api = "https://api.github.com/repos/k3d-io/k3d/releases/assets/436305757"

[tools.k3d."platforms.linux-x64"]
checksum = "sha256:06d8f25bc3a971c4eb29e0ff08429b180402db0f4dec838c9eac427e296800a0"
url = "https://github.com/k3d-io/k3d/releases/download/v5.9.0/k3d-linux-amd64"
url_api = "https://api.github.com/repos/k3d-io/k3d/releases/assets/436305793"

[tools.k3d."platforms.linux-x64-musl"]
checksum = "sha256:06d8f25bc3a971c4eb29e0ff08429b180402db0f4dec838c9eac427e296800a0"
url = "https://github.com/k3d-io/k3d/releases/download/v5.9.0/k3d-linux-amd64"
url_api = "https://api.github.com/repos/k3d-io/k3d/releases/assets/436305793"

[tools.k3d."platforms.macos-arm64"]
checksum = "sha256:fe106541d5d0a3f18debcd4d432a16f8c0ce3e6ddc06f8fbb6f696a122313e00"
url = "https://github.com/k3d-io/k3d/releases/download/v5.9.0/k3d-darwin-arm64"
url_api = "https://api.github.com/repos/k3d-io/k3d/releases/assets/436305875"

[tools.k3d."platforms.macos-x64"]
checksum = "sha256:b4aabc37534f95b9c764e7823f2df923f50d57600837aa60a06266cce47db732"
url = "https://github.com/k3d-io/k3d/releases/download/v5.9.0/k3d-darwin-amd64"
url_api = "https://api.github.com/repos/k3d-io/k3d/releases/assets/436305915"

[tools.k3d."platforms.windows-x64"]
checksum = "sha256:49d0b9c796f5b8ba6f58a1dd5469e8b7b34bf9b6ce9078633eedb2789680a034"
url = "https://github.com/k3d-io/k3d/releases/download/v5.9.0/k3d-windows-amd64.exe"
url_api = "https://api.github.com/repos/k3d-io/k3d/releases/assets/436305724"

[[tools.k6]]
version = "2.3.0"
backend = "aqua:grafana/k6"

[tools.k6."platforms.linux-arm64"]
checksum = "sha256:5ca3433e8201da72a284aaa241a1bb5fb47f4abb4e384d39410ddd8062f49b90"
url = "https://github.com/grafana/k6/releases/download/v2.3.0/k6-v2.3.0-linux-arm64.tar.gz"
url_api = "https://api.github.com/repos/grafana/k6/releases/assets/579287780"

[tools.k6."platforms.linux-arm64-musl"]
checksum = "sha256:5ca3433e8201da72a284aaa241a1bb5fb47f4abb4e384d39410ddd8062f49b90"
url = "https://github.com/grafana/k6/releases/download/v2.3.0/k6-v2.3.0-linux-arm64.tar.gz"
url_api = "https://api.github.com/repos/grafana/k6/releases/assets/579287780"

[tools.k6."platforms.linux-x64"]
checksum = "sha256:39c3117b6af817592dcd0ce4242105c0a7af10948c2a425306f0be8f7a8a8ab1"
url = "https://github.com/grafana/k6/releases/download/v2.3.0/k6-v2.3.0-linux-amd64.tar.gz"
url_api = "https://api.github.com/repos/grafana/k6/releases/assets/579287772"

[tools.k6."platforms.linux-x64-musl"]
checksum = "sha256:39c3117b6af817592dcd0ce4242105c0a7af10948c2a425306f0be8f7a8a8ab1"
url = "https://github.com/grafana/k6/releases/download/v2.3.0/k6-v2.3.0-linux-amd64.tar.gz"
url_api = "https://api.github.com/repos/grafana/k6/releases/assets/579287772"

[tools.k6."platforms.macos-arm64"]
checksum = "sha256:b2417a3038edc5fe81dc178a889237724b595c5c9cfed875822008e46e862c7d"
url = "https://github.com/grafana/k6/releases/download/v2.3.0/k6-v2.3.0-macos-arm64.zip"
url_api = "https://api.github.com/repos/grafana/k6/releases/assets/579287879"

[tools.k6."platforms.macos-x64"]
checksum = "sha256:c83bb16f54f0676afa4ea235fd757f3892d307dbd1bd201450de83af31986654"
url = "https://github.com/grafana/k6/releases/download/v2.3.0/k6-v2.3.0-macos-amd64.zip"
url_api = "https://api.github.com/repos/grafana/k6/releases/assets/579287803"

[tools.k6."platforms.windows-x64"]
checksum = "sha256:112276d495e5741c968e2bc09ea6196099c1275bd6db9ee0875d173c7148ce43"
url = "https://github.com/grafana/k6/releases/download/v2.3.0/k6-v2.3.0-windows-amd64.zip"
url_api = "https://api.github.com/repos/grafana/k6/releases/assets/579287887"

[[tools.kubectl]]
version = "1.37.1"
backend = "aqua:kubernetes/kubernetes/kubectl"

[tools.kubectl."platforms.linux-arm64"]
checksum = "sha256:ff749f4b78d9c4f1ec87307df9b50119ed819e2094aa9810cb9acffc3286c8c7"
url = "https://dl.k8s.io/v1.37.1/bin/linux/arm64/kubectl"

[tools.kubectl."platforms.linux-arm64-musl"]
checksum = "sha256:ff749f4b78d9c4f1ec87307df9b50119ed819e2094aa9810cb9acffc3286c8c7"
url = "https://dl.k8s.io/v1.37.1/bin/linux/arm64/kubectl"

[tools.kubectl."platforms.linux-x64"]
checksum = "sha256:65691ff77eb6fa44c908b77a1082c9f092c3b9733b5cefabec0d1104890e21a8"
url = "https://dl.k8s.io/v1.37.1/bin/linux/amd64/kubectl"

[tools.kubectl."platforms.linux-x64-musl"]
checksum = "sha256:65691ff77eb6fa44c908b77a1082c9f092c3b9733b5cefabec0d1104890e21a8"
url = "https://dl.k8s.io/v1.37.1/bin/linux/amd64/kubectl"

[tools.kubectl."platforms.macos-arm64"]
checksum = "sha256:fd65982c97ddad3106754b69ffa196d0e543aa591930ae52aed1adfb92f8c77f"
url = "https://dl.k8s.io/v1.37.1/bin/darwin/arm64/kubectl"

[tools.kubectl."platforms.macos-x64"]
checksum = "sha256:6851381c486ff6edd691623e3d65c87cb9a5b02887ff8fbbb38d8a031b748387"
url = "https://dl.k8s.io/v1.37.1/bin/darwin/amd64/kubectl"

[tools.kubectl."platforms.windows-x64"]
checksum = "sha256:14b93c4916a6f37a06fbc1f46b0a1d2404c4f9741be09f00d6caf8af3b05f1d3"
url = "https://dl.k8s.io/v1.37.1/bin/windows/amd64/kubectl.exe"

[[tools.node]]
version = "24.21.0"
backend = "core:node"

[tools.node."platforms.linux-arm64"]
checksum = "sha256:724282c3b43aec998aa9527380465b45d229e021b58035f5f4f63095eabfe5d5"
url = "https://nodejs.org/dist/v24.21.0/node-v24.21.0-linux-arm64.tar.gz"

[tools.node."platforms.linux-arm64-musl"]
checksum = "sha256:3048b0811e158ca0d8672b59c839861763e144492980d8d29b369dfee45747e4"
url = "https://unofficial-builds.nodejs.org/download/release/v24.21.0/node-v24.21.0-linux-arm64-musl.tar.gz"

[tools.node."platforms.linux-x64"]
checksum = "sha256:6e1db87ef58b8819e5d5402eff1536491b18edd8eb7bee5ef7897876e88dc5ff"
url = "https://nodejs.org/dist/v24.21.0/node-v24.21.0-linux-x64.tar.gz"

[tools.node."platforms.linux-x64-musl"]
checksum = "sha256:01a713e34da98e7b4d2a3191ee7ca3f93dd0384d1a2ef23c379b2161ee6e133a"
url = "https://unofficial-builds.nodejs.org/download/release/v24.21.0/node-v24.21.0-linux-x64-musl.tar.gz"

[tools.node."platforms.macos-arm64"]
checksum = "sha256:bed7eea5325e1108f32ce5228ddd6a5f0f08a499ee42aa7442aea583702f6057"
url = "https://nodejs.org/dist/v24.21.0/node-v24.21.0-darwin-arm64.tar.gz"

[tools.node."platforms.macos-x64"]
checksum = "sha256:1462cb3b3046b815cf8ea436d3da450ec1a9f11dac7e5a46b0ada5305d7e8097"
url = "https://nodejs.org/dist/v24.21.0/node-v24.21.0-darwin-x64.tar.gz"

[tools.node."platforms.windows-x64"]
checksum = "sha256:158f7685b44de51f6c0df1d153526cbcd3e1bc739a8dfc607721cef75de9e541"
url = "https://nodejs.org/dist/v24.21.0/node-v24.21.0-win-x64.zip"

[[tools.prek]]
version = "0.5.4"
backend = "aqua:j178/prek"

[tools.prek."platforms.linux-arm64"]
checksum = "sha256:5478e436210b5226b8db3dccdd1a2e9094b1c63d81155d96bfa8b83f0398885c"
url = "https://github.com/j178/prek/releases/download/v0.5.4/prek-aarch64-unknown-linux-gnu.tar.gz"
url_api = "https://api.github.com/repos/j178/prek/releases/assets/594534943"
provenance = "github-attestations"

[tools.prek."platforms.linux-arm64-musl"]
checksum = "sha256:5ba9d0dc3d4add8cc2c569f4fa27b56d6a042a59f6ee008ec9d7790cece5a200"
url = "https://github.com/j178/prek/releases/download/v0.5.4/prek-aarch64-unknown-linux-musl.tar.gz"
url_api = "https://api.github.com/repos/j178/prek/releases/assets/594534949"
provenance = "github-attestations"

[tools.prek."platforms.linux-x64"]
checksum = "sha256:6147dfe64051af590f4bfc2c073a0780fb5e2cc37d9eab8e47fe9fe26c7dfb80"
url = "https://github.com/j178/prek/releases/download/v0.5.4/prek-x86_64-unknown-linux-gnu.tar.gz"
url_api = "https://api.github.com/repos/j178/prek/releases/assets/594534988"
provenance = "github-attestations"

[tools.prek."platforms.linux-x64-musl"]
checksum = "sha256:805632185f4539ca2eb0fd1b3b52ea842cecbc4ba1e749be430df948621353b0"
url = "https://github.com/j178/prek/releases/download/v0.5.4/prek-x86_64-unknown-linux-musl.tar.gz"
url_api = "https://api.github.com/repos/j178/prek/releases/assets/594535002"
provenance = "github-attestations"

[tools.prek."platforms.macos-arm64"]
checksum = "sha256:88eec06dd10fd61a9b345223fafc9bedb6746ee4cc47377551239d89d752b365"
url = "https://github.com/j178/prek/releases/download/v0.5.4/prek-aarch64-apple-darwin.tar.gz"
url_api = "https://api.github.com/repos/j178/prek/releases/assets/594534934"
provenance = "github-attestations"

[tools.prek."platforms.macos-x64"]
checksum = "sha256:bc3ddd3a5686fa97120ec2d09db9e7353df4311a85e7b00944342ddd9c4a2035"
url = "https://github.com/j178/prek/releases/download/v0.5.4/prek-x86_64-apple-darwin.tar.gz"
url_api = "https://api.github.com/repos/j178/prek/releases/assets/594534978"
provenance = "github-attestations"

[tools.prek."platforms.windows-x64"]
checksum = "sha256:244bc3eeade60a0ee586dfe9f5c90bd1c1d790514009aad2c7055dcb731a3e50"
url = "https://github.com/j178/prek/releases/download/v0.5.4/prek-x86_64-pc-windows-msvc.zip"
url_api = "https://api.github.com/repos/j178/prek/releases/assets/594534981"
provenance = "github-attestations"

[[tools.python]]
version = "3.14.8"
backend = "core:python"

[tools.python.options]
precompiled_flavor = "install_only_stripped"

[tools.python."platforms.linux-arm64"]
checksum = "sha256:4395ae16388f9d3409cba7e20161753ed3359b13d959345415029f874f675162"
url = "https://github.com/astral-sh/python-build-standalone/releases/download/20261001/cpython-3.14.8+20261001-aarch64-unknown-linux-gnu-install_only_stripped.tar.gz"
provenance = "github-attestations"

[tools.python."platforms.linux-arm64-musl"]
checksum = "sha256:d077f2fd670a512b7d681efb72d2d07e51b7b8ae3a7071a9fc53f4ffd3af909f"
url = "https://github.com/astral-sh/python-build-standalone/releases/download/20261001/cpython-3.14.8+20261001-aarch64-unknown-linux-musl-install_only_stripped.tar.gz"
provenance = "github-attestations"

[tools.python."platforms.linux-x64"]
checksum = "sha256:b373a4a4e4e70fc05f368c9b53d7738bf37637682b650d96c742805d2da26c32"
url = "https://github.com/astral-sh/python-build-standalone/releases/download/20261001/cpython-3.14.8+20261001-x86_64-unknown-linux-gnu-install_only_stripped.tar.gz"
provenance = "github-attestations"

[tools.python."platforms.linux-x64-musl"]
checksum = "sha256:be3be86e35b47628b67748d629342847f12767a32fd0507e0f429088c59f145d"
url = "https://github.com/astral-sh/python-build-standalone/releases/download/20261001/cpython-3.14.8+20261001-x86_64-unknown-linux-musl-install_only_stripped.tar.gz"
provenance = "github-attestations"

[tools.python."platforms.macos-arm64"]
checksum = "sha256:69e48cd7f54261df5b6abbd374f69fe6e496fa781d271592aeef49cd5ffbea6c"
url = "https://github.com/astral-sh/python-build-standalone/releases/download/20261001/cpython-3.14.8+20261001-aarch64-apple-darwin-install_only_stripped.tar.gz"
provenance = "github-attestations"

[tools.python."platforms.macos-x64"]
checksum = "sha256:d613a1cb9e31dd512298c73fd300975e689938cc39d1486250cf47918963061c"
url = "https://github.com/astral-sh/python-build-standalone/releases/download/20261001/cpython-3.14.8+20261001-x86_64-apple-darwin-install_only_stripped.tar.gz"
provenance = "github-attestations"

[tools.python."platforms.windows-x64"]
checksum = "sha256:b7ff8b700995379e425b39abce9b087d84a45aa265ea465c0069c2747ea5b2ea"
url = "https://github.com/astral-sh/python-build-standalone/releases/download/20261001/cpython-3.14.8+20261001-x86_64-pc-windows-msvc-install_only_stripped.tar.gz"
provenance = "github-attestations"

[[tools.ruff]]
version = "0.16.10"
backend = "aqua:astral-sh/ruff"

[tools.ruff."platforms.linux-arm64"]
checksum = "sha256:dc0d74de837ef0a7bcc62ce98c48a622b075d057161f13b958be2934becd55a6"
url = "https://github.com/astral-sh/ruff/releases/download/0.16.10/ruff-aarch64-unknown-linux-gnu.tar.gz"
url_api = "https://api.github.com/repos/astral-sh/ruff/releases/assets/603826868"
provenance = "github-attestations"

[tools.ruff."platforms.linux-arm64-musl"]
checksum = "sha256:38ebc0ec3e0de538d1c399729ca04e124749211d66aa134c24ad0c1f09a935b9"
url = "https://github.com/astral-sh/ruff/releases/download/0.16.10/ruff-aarch64-unknown-linux-musl.tar.gz"
url_api = "https://api.github.com/repos/astral-sh/ruff/releases/assets/603826873"
provenance = "github-attestations"

[tools.ruff."platforms.linux-x64"]
checksum = "sha256:9567ff1201e2fb3da31ff04c35587d768c66d6cb42dfa84de474e2bfe360b608"
url = "https://github.com/astral-sh/ruff/releases/download/0.16.10/ruff-x86_64-unknown-linux-gnu.tar.gz"
url_api = "https://api.github.com/repos/astral-sh/ruff/releases/assets/603827060"
provenance = "github-attestations"

[tools.ruff."platforms.linux-x64-musl"]
checksum = "sha256:ad1b2138407a0c53b936524df99d87211333f7bc40478d6860f42994597f7ff0"
url = "https://github.com/astral-sh/ruff/releases/download/0.16.10/ruff-x86_64-unknown-linux-musl.tar.gz"
url_api = "https://api.github.com/repos/astral-sh/ruff/releases/assets/603827079"
provenance = "github-attestations"

[tools.ruff."platforms.macos-arm64"]
checksum = "sha256:f051cd306de2691262a0574f8857cd1f4d6bfcd448084ea23d61b9c1c37df510"
url = "https://github.com/astral-sh/ruff/releases/download/0.16.10/ruff-aarch64-apple-darwin.tar.gz"
url_api = "https://api.github.com/repos/astral-sh/ruff/releases/assets/603826852"
provenance = "github-attestations"

[tools.ruff."platforms.macos-x64"]
checksum = "sha256:ace641df42926e962cf04bc52c79eb6c50ba1ae6a17b602f081960616ecc1bd1"
url = "https://github.com/astral-sh/ruff/releases/download/0.16.10/ruff-x86_64-apple-darwin.tar.gz"
url_api = "https://api.github.com/repos/astral-sh/ruff/releases/assets/603827024"
provenance = "github-attestations"

[tools.ruff."platforms.windows-x64"]
checksum = "sha256:6b90457fbd249923db196044d5f3c26e4f7cefacc769c26fd52520fa033f736e"
url = "https://github.com/astral-sh/ruff/releases/download/0.16.10/ruff-x86_64-pc-windows-msvc.zip"
url_api = "https://api.github.com/repos/astral-sh/ruff/releases/assets/603827051"
provenance = "github-attestations"

[[tools.rust]]
version = "1.97.1"
backend = "core:rust"

[tools.rust.options]
components = "clippy,rustfmt"

[[tools.shellcheck]]
version = "0.11.0"
backend = "aqua:koalaman/shellcheck"

[tools.shellcheck."platforms.linux-arm64"]
checksum = "sha256:12b331c1d2db6b9eb13cfca64306b1b157a86eb69db83023e261eaa7e7c14588"
url = "https://github.com/koalaman/shellcheck/releases/download/v0.11.0/shellcheck-v0.11.0.linux.aarch64.tar.xz"
url_api = "https://api.github.com/repos/koalaman/shellcheck/releases/assets/279056934"

[tools.shellcheck."platforms.linux-arm64-musl"]
checksum = "sha256:12b331c1d2db6b9eb13cfca64306b1b157a86eb69db83023e261eaa7e7c14588"
url = "https://github.com/koalaman/shellcheck/releases/download/v0.11.0/shellcheck-v0.11.0.linux.aarch64.tar.xz"
url_api = "https://api.github.com/repos/koalaman/shellcheck/releases/assets/279056934"

[tools.shellcheck."platforms.linux-x64"]
checksum = "sha256:8c3be12b05d5c177a04c29e3c78ce89ac86f1595681cab149b65b97c4e227198"
url = "https://github.com/koalaman/shellcheck/releases/download/v0.11.0/shellcheck-v0.11.0.linux.x86_64.tar.xz"
url_api = "https://api.github.com/repos/koalaman/shellcheck/releases/assets/279056942"

[tools.shellcheck."platforms.linux-x64-musl"]
checksum = "sha256:8c3be12b05d5c177a04c29e3c78ce89ac86f1595681cab149b65b97c4e227198"
url = "https://github.com/koalaman/shellcheck/releases/download/v0.11.0/shellcheck-v0.11.0.linux.x86_64.tar.xz"
url_api = "https://api.github.com/repos/koalaman/shellcheck/releases/assets/279056942"

[tools.shellcheck."platforms.macos-arm64"]
checksum = "sha256:56affdd8de5527894dca6dc3d7e0a99a873b0f004d7aabc30ae407d3f48b0a79"
url = "https://github.com/koalaman/shellcheck/releases/download/v0.11.0/shellcheck-v0.11.0.darwin.aarch64.tar.xz"
url_api = "https://api.github.com/repos/koalaman/shellcheck/releases/assets/279056932"

[tools.shellcheck."platforms.macos-x64"]
checksum = "sha256:3c89db4edcab7cf1c27bff178882e0f6f27f7afdf54e859fa041fca10febe4c6"
url = "https://github.com/koalaman/shellcheck/releases/download/v0.11.0/shellcheck-v0.11.0.darwin.x86_64.tar.xz"
url_api = "https://api.github.com/repos/koalaman/shellcheck/releases/assets/279056930"

[tools.shellcheck."platforms.windows-x64"]
checksum = "sha256:8a4e35ab0b331c85d73567b12f2a444df187f483e5079ceffa6bda1faa2e740e"
url = "https://github.com/koalaman/shellcheck/releases/download/v0.11.0/shellcheck-v0.11.0.zip"
url_api = "https://api.github.com/repos/koalaman/shellcheck/releases/assets/279056944"

[[tools.tilt]]
version = "0.37.8"
backend = "aqua:tilt-dev/tilt"

[tools.tilt."platforms.linux-arm64"]
checksum = "sha256:7a21281e830930be158202b7f8405ba62445613788b4d9708512ffe51f5cce90"
url = "https://github.com/tilt-dev/tilt/releases/download/v0.37.8/tilt.0.37.8.linux.arm64.tar.gz"
url_api = "https://api.github.com/repos/tilt-dev/tilt/releases/assets/602230460"

[tools.tilt."platforms.linux-arm64-musl"]
checksum = "sha256:7a21281e830930be158202b7f8405ba62445613788b4d9708512ffe51f5cce90"
url = "https://github.com/tilt-dev/tilt/releases/download/v0.37.8/tilt.0.37.8.linux.arm64.tar.gz"
url_api = "https://api.github.com/repos/tilt-dev/tilt/releases/assets/602230460"

[tools.tilt."platforms.linux-x64"]
checksum = "sha256:e39513f958705d30524d55f68b1d46fbef2b46a0da568efd00e6383dee6be44f"
url = "https://github.com/tilt-dev/tilt/releases/download/v0.37.8/tilt.0.37.8.linux.x86_64.tar.gz"
url_api = "https://api.github.com/repos/tilt-dev/tilt/releases/assets/602230514"

[tools.tilt."platforms.linux-x64-musl"]
checksum = "sha256:e39513f958705d30524d55f68b1d46fbef2b46a0da568efd00e6383dee6be44f"
url = "https://github.com/tilt-dev/tilt/releases/download/v0.37.8/tilt.0.37.8.linux.x86_64.tar.gz"
url_api = "https://api.github.com/repos/tilt-dev/tilt/releases/assets/602230514"

[tools.tilt."platforms.macos-arm64"]
checksum = "sha256:2d396b13c479f74deb19cb2161a3f0858f6e03f26f15f8d3b3be982d09ff4484"
url = "https://github.com/tilt-dev/tilt/releases/download/v0.37.8/tilt.0.37.8.mac.arm64.tar.gz"
url_api = "https://api.github.com/repos/tilt-dev/tilt/releases/assets/602230463"

[tools.tilt."platforms.macos-x64"]
checksum = "sha256:0d03359e43f7faea07a6ed0e7423bb56176d1959462fa155329e9acabf90e6fa"
url = "https://github.com/tilt-dev/tilt/releases/download/v0.37.8/tilt.0.37.8.mac.x86_64.tar.gz"
url_api = "https://api.github.com/repos/tilt-dev/tilt/releases/assets/602230462"

[tools.tilt."platforms.windows-x64"]
checksum = "sha256:b8abb4b50e98d45300bd953a717a684f3555b158ee1238c9c938d72d2bea8cbe"
url = "https://github.com/tilt-dev/tilt/releases/download/v0.37.8/tilt.0.37.8.windows.x86_64.zip"
url_api = "https://api.github.com/repos/tilt-dev/tilt/releases/assets/602230488"

[[tools.trufflehog]]
version = "v3.97.9"
backend = "aqua:trufflesecurity/trufflehog"

[tools.trufflehog."platforms.linux-arm64"]
checksum = "sha256:372c568695d49e53517075b5f74d1ee9a19053f13661d689c7928ee1fc27d705"
url = "https://github.com/trufflesecurity/trufflehog/releases/download/v3.97.9/trufflehog_3.97.9_linux_arm64.tar.gz"
url_api = "https://api.github.com/repos/trufflesecurity/trufflehog/releases/assets/585605747"

[tools.trufflehog."platforms.linux-arm64-musl"]
checksum = "sha256:372c568695d49e53517075b5f74d1ee9a19053f13661d689c7928ee1fc27d705"
url = "https://github.com/trufflesecurity/trufflehog/releases/download/v3.97.9/trufflehog_3.97.9_linux_arm64.tar.gz"
url_api = "https://api.github.com/repos/trufflesecurity/trufflehog/releases/assets/585605747"

[tools.trufflehog."platforms.linux-x64"]
checksum = "sha256:40377e6572495412fb9ba0bc21c9401f73b72f1d2afd11b9931bc4a5ed622866"
url = "https://github.com/trufflesecurity/trufflehog/releases/download/v3.97.9/trufflehog_3.97.9_linux_amd64.tar.gz"
url_api = "https://api.github.com/repos/trufflesecurity/trufflehog/releases/assets/585605754"

[tools.trufflehog."platforms.linux-x64-musl"]
checksum = "sha256:40377e6572495412fb9ba0bc21c9401f73b72f1d2afd11b9931bc4a5ed622866"
url = "https://github.com/trufflesecurity/trufflehog/releases/download/v3.97.9/trufflehog_3.97.9_linux_amd64.tar.gz"
url_api = "https://api.github.com/repos/trufflesecurity/trufflehog/releases/assets/585605754"

[tools.trufflehog."platforms.macos-arm64"]
checksum = "sha256:3d25c178fe1a2563687b22547adcaebcf08cc8a607315c6741fe396c597951f7"
url = "https://github.com/trufflesecurity/trufflehog/releases/download/v3.97.9/trufflehog_3.97.9_darwin_arm64.tar.gz"
url_api = "https://api.github.com/repos/trufflesecurity/trufflehog/releases/assets/585605746"

[tools.trufflehog."platforms.macos-x64"]
checksum = "sha256:4451ba8d17106da0d0a2f1952d3b1c2d20a6e5c97c21ccd1f8fc04ecf2ff77d9"
url = "https://github.com/trufflesecurity/trufflehog/releases/download/v3.97.9/trufflehog_3.97.9_darwin_amd64.tar.gz"
url_api = "https://api.github.com/repos/trufflesecurity/trufflehog/releases/assets/585605833"

[tools.trufflehog."platforms.windows-x64"]
checksum = "sha256:7436c13a12f378738db1b65803b00fa3b816db3dc28084e52b9a377c6b12901d"
url = "https://github.com/trufflesecurity/trufflehog/releases/download/v3.97.9/trufflehog_3.97.9_windows_amd64.tar.gz"
url_api = "https://api.github.com/repos/trufflesecurity/trufflehog/releases/assets/585605832"

[[tools.uv]]
version = "0.12.23"
backend = "aqua:astral-sh/uv"

[tools.uv."platforms.linux-arm64"]
checksum = "sha256:6524bd338177ed50d035d39354e12545e993bbeba2ecbddf0480c5b3a81d313f"
url = "https://github.com/astral-sh/uv/releases/download/0.12.23/uv-aarch64-unknown-linux-gnu.tar.gz"
url_api = "https://api.github.com/repos/astral-sh/uv/releases/assets/608232491"
provenance = "github-attestations"

[tools.uv."platforms.linux-arm64-musl"]
checksum = "sha256:b536543cc4d50661986b165c76ee8aa9056e4fa332edcd153ff2e98760f9359b"
url = "https://github.com/astral-sh/uv/releases/download/0.12.23/uv-aarch64-unknown-linux-musl.tar.gz"
url_api = "https://api.github.com/repos/astral-sh/uv/releases/assets/608232500"
provenance = "github-attestations"

[tools.uv."platforms.linux-x64"]
checksum = "sha256:9167d72b3319674b6303c4cbe071854bba13ebdf3d76b1a7cbdc175471fb66d6"
url = "https://github.com/astral-sh/uv/releases/download/0.12.23/uv-x86_64-unknown-linux-gnu.tar.gz"
url_api = "https://api.github.com/repos/astral-sh/uv/releases/assets/608232628"
provenance = "github-attestations"

[tools.uv."platforms.linux-x64-musl"]
checksum = "sha256:1cff8783850e794470aadb73f54b749542a511fc57b0ce6468b64bd3852e0ade"
url = "https://github.com/astral-sh/uv/releases/download/0.12.23/uv-x86_64-unknown-linux-musl.tar.gz"
url_api = "https://api.github.com/repos/astral-sh/uv/releases/assets/608232639"
provenance = "github-attestations"

[tools.uv."platforms.macos-arm64"]
checksum = "sha256:50487ae565ccd96e499056b4674d438f4c53170202617b4c759defe0c6a1b544"
url = "https://github.com/astral-sh/uv/releases/download/0.12.23/uv-aarch64-apple-darwin.tar.gz"
url_api = "https://api.github.com/repos/astral-sh/uv/releases/assets/608232483"
provenance = "github-attestations"

[tools.uv."platforms.macos-x64"]
checksum = "sha256:960da44cb4b73685206ddd250b19e0a117fa41095710c1038f081f5cb613efb4"
url = "https://github.com/astral-sh/uv/releases/download/0.12.23/uv-x86_64-apple-darwin.tar.gz"
url_api = "https://api.github.com/repos/astral-sh/uv/releases/assets/608232607"
provenance = "github-attestations"

[tools.uv."platforms.windows-x64"]
checksum = "sha256:75d05de6762778c31ee183398de7dd15093fad0ed90b1f236d8205ea5ec00c90"
url = "https://github.com/astral-sh/uv/releases/download/0.12.23/uv-x86_64-pc-windows-msvc.zip"
url_api = "https://api.github.com/repos/astral-sh/uv/releases/assets/608232617"
provenance = "github-attestations"

[[tools.vale]]
version = "3.24.0"
backend = "aqua:vale-cli/vale"

[tools.vale."platforms.linux-arm64"]
checksum = "sha256:104cbd349279e50c4cb40adb70adf345d93cc4a3a0191f9e68bdccb97086b582"
url = "https://github.com/vale-cli/vale/releases/download/v3.24.0/vale_3.24.0_Linux_arm64.tar.gz"
url_api = "https://api.github.com/repos/vale-cli/vale/releases/assets/603879360"

[tools.vale."platforms.linux-arm64-musl"]
checksum = "sha256:104cbd349279e50c4cb40adb70adf345d93cc4a3a0191f9e68bdccb97086b582"
url = "https://github.com/vale-cli/vale/releases/download/v3.24.0/vale_3.24.0_Linux_arm64.tar.gz"
url_api = "https://api.github.com/repos/vale-cli/vale/releases/assets/603879360"

[tools.vale."platforms.linux-x64"]
checksum = "sha256:867534ddb678abca7f214bc4706ead0922bd5252ffe8035fc227013f66c8b214"
url = "https://github.com/vale-cli/vale/releases/download/v3.24.0/vale_3.24.0_Linux_64-bit.tar.gz"
url_api = "https://api.github.com/repos/vale-cli/vale/releases/assets/603879404"

[tools.vale."platforms.linux-x64-musl"]
checksum = "sha256:867534ddb678abca7f214bc4706ead0922bd5252ffe8035fc227013f66c8b214"
url = "https://github.com/vale-cli/vale/releases/download/v3.24.0/vale_3.24.0_Linux_64-bit.tar.gz"
url_api = "https://api.github.com/repos/vale-cli/vale/releases/assets/603879404"

[tools.vale."platforms.macos-arm64"]
checksum = "sha256:87b513f26499f6657c15cf7175ba5b058a7c1ff2bb2d4e07265db2dd43451e44"
url = "https://github.com/vale-cli/vale/releases/download/v3.24.0/vale_3.24.0_macOS_arm64.tar.gz"
url_api = "https://api.github.com/repos/vale-cli/vale/releases/assets/603879362"

[tools.vale."platforms.macos-x64"]
checksum = "sha256:eeb39e86f1daac27cc2a77fef3af1824d50559bdc22329fb25fb921c80c79472"
url = "https://github.com/vale-cli/vale/releases/download/v3.24.0/vale_3.24.0_macOS_64-bit.tar.gz"
url_api = "https://api.github.com/repos/vale-cli/vale/releases/assets/603879361"

[tools.vale."platforms.windows-x64"]
checksum = "sha256:3a8884774973b6f2826877e1c6388a5feae4704ef88a9a9c912c77ce186990f3"
url = "https://github.com/vale-cli/vale/releases/download/v3.24.0/vale_3.24.0_Windows_64-bit.zip"
url_api = "https://api.github.com/repos/vale-cli/vale/releases/assets/603879364"

[[tools.zizmor]]
version = "1.30.1"
backend = "aqua:zizmorcore/zizmor"

[tools.zizmor."platforms.linux-arm64"]
checksum = "sha256:7ff1dce33bdd18fd2a4affe63bdd47efcccca97b2cec1c1863ec26e9e2647540"
url = "https://github.com/zizmorcore/zizmor/releases/download/v1.30.1/zizmor-aarch64-unknown-linux-gnu.tar.gz"
url_api = "https://api.github.com/repos/zizmorcore/zizmor/releases/assets/552067643"
provenance = "github-attestations"

[tools.zizmor."platforms.linux-arm64-musl"]
checksum = "sha256:7ff1dce33bdd18fd2a4affe63bdd47efcccca97b2cec1c1863ec26e9e2647540"
url = "https://github.com/zizmorcore/zizmor/releases/download/v1.30.1/zizmor-aarch64-unknown-linux-gnu.tar.gz"
url_api = "https://api.github.com/repos/zizmorcore/zizmor/releases/assets/552067643"
provenance = "github-attestations"

[tools.zizmor."platforms.linux-x64"]
checksum = "sha256:e65324f4430c2717591937edcec90ccbefaf14c174f8ec9415e03ca875b46e1a"
url = "https://github.com/zizmorcore/zizmor/releases/download/v1.30.1/zizmor-x86_64-unknown-linux-gnu.tar.gz"
url_api = "https://api.github.com/repos/zizmorcore/zizmor/releases/assets/552067642"
provenance = "github-attestations"

[tools.zizmor."platforms.linux-x64-musl"]
checksum = "sha256:e65324f4430c2717591937edcec90ccbefaf14c174f8ec9415e03ca875b46e1a"
url = "https://github.com/zizmorcore/zizmor/releases/download/v1.30.1/zizmor-x86_64-unknown-linux-gnu.tar.gz"
url_api = "https://api.github.com/repos/zizmorcore/zizmor/releases/assets/552067642"
provenance = "github-attestations"

[tools.zizmor."platforms.macos-arm64"]
checksum = "sha256:e28d22b087f9ebb8d99da6e740d348c930f559961c7c3f12badda54f882195a2"
url = "https://github.com/zizmorcore/zizmor/releases/download/v1.30.1/zizmor-aarch64-apple-darwin.tar.gz"
url_api = "https://api.github.com/repos/zizmorcore/zizmor/releases/assets/552067640"
provenance = "github-attestations"

[tools.zizmor."platforms.macos-x64"]
checksum = "sha256:10e6b18b11ea07e515a16f0f0518c7b07527bc9977c1fd5698181ce7f3554202"
url = "https://github.com/zizmorcore/zizmor/releases/download/v1.30.1/zizmor-x86_64-apple-darwin.tar.gz"
url_api = "https://api.github.com/repos/zizmorcore/zizmor/releases/assets/552067641"
provenance = "github-attestations"

[tools.zizmor."platforms.windows-x64"]
checksum = "sha256:b183b1e996eddfab9659f1e9b46e059f1ef1cf984a1f14e5da09f7876a4b3a1c"
url = "https://github.com/zizmorcore/zizmor/releases/download/v1.30.1/zizmor-x86_64-pc-windows-msvc.zip"
url_api = "https://api.github.com/repos/zizmorcore/zizmor/releases/assets/552067645"
provenance = "github-attestations"
