# @generated - this file is auto-generated by `mise lock` https://mise.jdx.dev/dev-tools/mise-lock.html

[[tools.node]]
version = "24.21.0"
backend = "core:node"

[tools.node."platforms.linux-arm64"]
checksum = "sha256:724282c3b43aec998aa9527380465b45d229e021b58035f5f4f63095eabfe5d5"
url = "https://nodejs.org/dist/v24.21.0/node-v24.21.0-linux-arm64.tar.gz"

[tools.node."platforms.linux-arm64-musl"]
checksum = "sha256:3048b0811e158ca0d8672b59c839861763e144492980d8d29b369dfee45747e4"
url = "https://unofficial-builds.nodejs.org/download/release/v24.21.0/node-v24.21.0-linux-arm64-musl.tar.gz"

[tools.node."platforms.linux-x64"]
checksum = "sha256:6e1db87ef58b8819e5d5402eff1536491b18edd8eb7bee5ef7897876e88dc5ff"
url = "https://nodejs.org/dist/v24.21.0/node-v24.21.0-linux-x64.tar.gz"

[tools.node."platforms.linux-x64-musl"]
checksum = "sha256:01a713e34da98e7b4d2a3191ee7ca3f93dd0384d1a2ef23c379b2161ee6e133a"
url = "https://unofficial-builds.nodejs.org/download/release/v24.21.0/node-v24.21.0-linux-x64-musl.tar.gz"

[tools.node."platforms.macos-arm64"]
checksum = "sha256:bed7eea5325e1108f32ce5228ddd6a5f0f08a499ee42aa7442aea583702f6057"
url = "https://nodejs.org/dist/v24.21.0/node-v24.21.0-darwin-arm64.tar.gz"

[tools.node."platforms.macos-x64"]
checksum = "sha256:1462cb3b3046b815cf8ea436d3da450ec1a9f11dac7e5a46b0ada5305d7e8097"
url = "https://nodejs.org/dist/v24.21.0/node-v24.21.0-darwin-x64.tar.gz"

[tools.node."platforms.windows-x64"]
checksum = "sha256:158f7685b44de51f6c0df1d153526cbcd3e1bc739a8dfc607721cef75de9e541"
url = "https://nodejs.org/dist/v24.21.0/node-v24.21.0-win-x64.zip"

[[tools.python]]
version = "3.14.8"
backend = "core:python"

[tools.python.options]
precompiled_flavor = "install_only_stripped"

[tools.python."platforms.linux-arm64"]
checksum = "sha256:4395ae16388f9d3409cba7e20161753ed3359b13d959345415029f874f675162"
url = "https://github.com/astral-sh/python-build-standalone/releases/download/20261001/cpython-3.14.8+20261001-aarch64-unknown-linux-gnu-install_only_stripped.tar.gz"
provenance = "github-attestations"

[tools.python."platforms.linux-arm64-musl"]
checksum = "sha256:d077f2fd670a512b7d681efb72d2d07e51b7b8ae3a7071a9fc53f4ffd3af909f"
url = "https://github.com/astral-sh/python-build-standalone/releases/download/20261001/cpython-3.14.8+20261001-aarch64-unknown-linux-musl-install_only_stripped.tar.gz"
provenance = "github-attestations"

[tools.python."platforms.linux-x64"]
checksum = "sha256:b373a4a4e4e70fc05f368c9b53d7738bf37637682b650d96c742805d2da26c32"
url = "https://github.com/astral-sh/python-build-standalone/releases/download/20261001/cpython-3.14.8+20261001-x86_64-unknown-linux-gnu-install_only_stripped.tar.gz"
provenance = "github-attestations"

[tools.python."platforms.linux-x64-musl"]
checksum = "sha256:be3be86e35b47628b67748d629342847f12767a32fd0507e0f429088c59f145d"
url = "https://github.com/astral-sh/python-build-standalone/releases/download/20261001/cpython-3.14.8+20261001-x86_64-unknown-linux-musl-install_only_stripped.tar.gz"
provenance = "github-attestations"

[tools.python."platforms.macos-arm64"]
checksum = "sha256:69e48cd7f54261df5b6abbd374f69fe6e496fa781d271592aeef49cd5ffbea6c"
url = "https://github.com/astral-sh/python-build-standalone/releases/download/20261001/cpython-3.14.8+20261001-aarch64-apple-darwin-install_only_stripped.tar.gz"
provenance = "github-attestations"

[tools.python."platforms.macos-x64"]
checksum = "sha256:d613a1cb9e31dd512298c73fd300975e689938cc39d1486250cf47918963061c"
url = "https://github.com/astral-sh/python-build-standalone/releases/download/20261001/cpython-3.14.8+20261001-x86_64-apple-darwin-install_only_stripped.tar.gz"
provenance = "github-attestations"

[tools.python."platforms.windows-x64"]
checksum = "sha256:b7ff8b700995379e425b39abce9b087d84a45aa265ea465c0069c2747ea5b2ea"
url = "https://github.com/astral-sh/python-build-standalone/releases/download/20261001/cpython-3.14.8+20261001-x86_64-pc-windows-msvc-install_only_stripped.tar.gz"
provenance = "github-attestations"

[[tools.uv]]
version = "0.12.23"
backend = "aqua:astral-sh/uv"

[tools.uv."platforms.linux-arm64"]
checksum = "sha256:6524bd338177ed50d035d39354e12545e993bbeba2ecbddf0480c5b3a81d313f"
url = "https://github.com/astral-sh/uv/releases/download/0.12.23/uv-aarch64-unknown-linux-gnu.tar.gz"
url_api = "https://api.github.com/repos/astral-sh/uv/releases/assets/608232491"
provenance = "github-attestations"

[tools.uv."platforms.linux-arm64-musl"]
checksum = "sha256:b536543cc4d50661986b165c76ee8aa9056e4fa332edcd153ff2e98760f9359b"
url = "https://github.com/astral-sh/uv/releases/download/0.12.23/uv-aarch64-unknown-linux-musl.tar.gz"
url_api = "https://api.github.com/repos/astral-sh/uv/releases/assets/608232500"
provenance = "github-attestations"

[tools.uv."platforms.linux-x64"]
checksum = "sha256:9167d72b3319674b6303c4cbe071854bba13ebdf3d76b1a7cbdc175471fb66d6"
url = "https://github.com/astral-sh/uv/releases/download/0.12.23/uv-x86_64-unknown-linux-gnu.tar.gz"
url_api = "https://api.github.com/repos/astral-sh/uv/releases/assets/608232628"
provenance = "github-attestations"

[tools.uv."platforms.linux-x64-musl"]
checksum = "sha256:1cff8783850e794470aadb73f54b749542a511fc57b0ce6468b64bd3852e0ade"
url = "https://github.com/astral-sh/uv/releases/download/0.12.23/uv-x86_64-unknown-linux-musl.tar.gz"
url_api = "https://api.github.com/repos/astral-sh/uv/releases/assets/608232639"
provenance = "github-attestations"

[tools.uv."platforms.macos-arm64"]
checksum = "sha256:50487ae565ccd96e499056b4674d438f4c53170202617b4c759defe0c6a1b544"
url = "https://github.com/astral-sh/uv/releases/download/0.12.23/uv-aarch64-apple-darwin.tar.gz"
url_api = "https://api.github.com/repos/astral-sh/uv/releases/assets/608232483"
provenance = "github-attestations"

[tools.uv."platforms.macos-x64"]
checksum = "sha256:960da44cb4b73685206ddd250b19e0a117fa41095710c1038f081f5cb613efb4"
url = "https://github.com/astral-sh/uv/releases/download/0.12.23/uv-x86_64-apple-darwin.tar.gz"
url_api = "https://api.github.com/repos/astral-sh/uv/releases/assets/608232607"
provenance = "github-attestations"

[tools.uv."platforms.windows-x64"]
checksum = "sha256:75d05de6762778c31ee183398de7dd15093fad0ed90b1f236d8205ea5ec00c90"
url = "https://github.com/astral-sh/uv/releases/download/0.12.23/uv-x86_64-pc-windows-msvc.zip"
url_api = "https://api.github.com/repos/astral-sh/uv/releases/assets/608232617"
provenance = "github-attestations"
